
Microsoft Visual Studio Solution File, Format Version 12.00
# Visual Studio 15
VisualStudioVersion = 15.0.26124.0
MinimumVisualStudioVersion = 15.0.26124.0
Project("{2150E333-8FDC-42A3-9474-1A3956D46DE8}") = "src", "src", "{62FCE903-E1B1-4C58-A07C-758497096372}"
EndProject
Project("{FAE04EC0-301F-11D3-BF4B-00C04F79EFBC}") = "KafkaSpy", "src\KafkaSpy\KafkaSpy.csproj", "{0C1FACA9-AE83-4D20-9BAB-A383555C8CF3}"
EndProject
Project("{2150E333-8FDC-42A3-9474-1A3956D46DE8}") = "test", "test", "{564EC563-7114-44DC-9FAA-747C1CAFB7AB}"
EndProject
Project("{FAE04EC0-301F-11D3-BF4B-00C04F79EFBC}") = "KafkaSpy.Tests", "test\KafkaSpy.Tests\KafkaSpy.Tests.csproj", "{90A92059-DD37-4C93-833F-F6C0ECF64E67}"
EndProject
Global
	GlobalSection(SolutionConfigurationPlatforms) = preSolution
		Debug|Any CPU = Debug|Any CPU
		Debug|x64 = Debug|x64
		Debug|x86 = Debug|x86
		Release|Any CPU = Release|Any CPU
		Release|x64 = Release|x64
		Release|x86 = Release|x86
	EndGlobalSection
	GlobalSection(SolutionProperties) = preSolution
		HideSolutionNode = FALSE
	EndGlobalSection
	GlobalSection(ProjectConfigurationPlatforms) = postSolution
		{0C1FACA9-AE83-4D20-9BAB-A383555C8CF3}.Debug|Any CPU.ActiveCfg = Debug|Any CPU
		{0C1FACA9-AE83-4D20-9BAB-A383555C8CF3}.Debug|Any CPU.Build.0 = Debug|Any CPU
		{0C1FACA9-AE83-4D20-9BAB-A383555C8CF3}.Debug|x64.ActiveCfg = Debug|Any CPU
		{0C1FACA9-AE83-4D20-9BAB-A383555C8CF3}.Debug|x64.Build.0 = Debug|Any CPU
		{0C1FACA9-AE83-4D20-9BAB-A383555C8CF3}.Debug|x86.ActiveCfg = Debug|Any CPU
		{0C1FACA9-AE83-4D20-9BAB-A383555C8CF3}.Debug|x86.Build.0 = Debug|Any CPU
		{0C1FACA9-AE83-4D20-9BAB-A383555C8CF3}.Release|Any CPU.ActiveCfg = Release|Any CPU
		{0C1FACA9-AE83-4D20-9BAB-A383555C8CF3}.Release|Any CPU.Build.0 = Release|Any CPU
		{0C1FACA9-AE83-4D20-9BAB-A383555C8CF3}.Release|x64.ActiveCfg = Release|Any CPU
		{0C1FACA9-AE83-4D20-9BAB-A383555C8CF3}.Release|x64.Build.0 = Release|Any CPU
		{0C1FACA9-AE83-4D20-9BAB-A383555C8CF3}.Release|x86.ActiveCfg = Release|Any CPU
		{0C1FACA9-AE83-4D20-9BAB-A383555C8CF3}.Release|x86.Build.0 = Release|Any CPU
		{90A92059-DD37-4C93-833F-F6C0ECF64E67}.Debug|Any CPU.ActiveCfg = Debug|Any CPU
		{90A92059-DD37-4C93-833F-F6C0ECF64E67}.Debug|Any CPU.Build.0 = Debug|Any CPU
		{90A92059-DD37-4C93-833F-F6C0ECF64E67}.Debug|x64.ActiveCfg = Debug|Any CPU
		{90A92059-DD37-4C93-833F-F6C0ECF64E67}.Debug|x64.Build.0 = Debug|Any CPU
		{90A92059-DD37-4C93-833F-F6C0ECF64E67}.Debug|x86.ActiveCfg = Debug|Any CPU
		{90A92059-DD37-4C93-833F-F6C0ECF64E67}.Debug|x86.Build.0 = Debug|Any CPU
		{90A92059-DD37-4C93-833F-F6C0ECF64E67}.Release|Any CPU.ActiveCfg = Release|Any CPU
		{90A92059-DD37-4C93-833F-F6C0ECF64E67}.Release|Any CPU.Build.0 = Release|Any CPU
		{90A92059-DD37-4C93-833F-F6C0ECF64E67}.Release|x64.ActiveCfg = Release|Any CPU
		{90A92059-DD37-4C93-833F-F6C0ECF64E67}.Release|x64.Build.0 = Release|Any CPU
		{90A92059-DD37-4C93-833F-F6C0ECF64E67}.Release|x86.ActiveCfg = Release|Any CPU
		{90A92059-DD37-4C93-833F-F6C0ECF64E67}.Release|x86.Build.0 = Release|Any CPU
	EndGlobalSection
	GlobalSection(NestedProjects) = preSolution
		{0C1FACA9-AE83-4D20-9BAB-A383555C8CF3} = {62FCE903-E1B1-4C58-A07C-758497096372}
		{90A92059-DD37-4C93-833F-F6C0ECF64E67} = {564EC563-7114-44DC-9FAA-747C1CAFB7AB}
	EndGlobalSection
EndGlobal
